// !$*UTF8*$!
{
	archiveVersion = 1;
	classes = {
	};
	objectVersion = 46;
	objects = {

/* Begin PBXBuildFile section */
		B1F5196A1CF83E8600EB0618 /* AppDelegate.swift in Sources */ = {isa = PBXBuildFile; fileRef = B1F519621CF83E8600EB0618 /* AppDelegate.swift */; };
		B1F5196B1CF83E8600EB0618 /* Assets.xcassets in Resources */ = {isa = PBXBuildFile; fileRef = B1F519631CF83E8600EB0618 /* Assets.xcassets */; };
		B1F5196C1CF83E8600EB0618 /* LaunchScreen.storyboard in Resources */ = {isa = PBXBuildFile; fileRef = B1F519641CF83E8600EB0618 /* LaunchScreen.storyboard */; };
		B1F5196D1CF83E8600EB0618 /* Main.storyboard in Resources */ = {isa = PBXBuildFile; fileRef = B1F519661CF83E8600EB0618 /* Main.storyboard */; };
		B1F5196E1CF83E8600EB0618 /* Info.plist in Resources */ = {isa = PBXBuildFile; fileRef = B1F519681CF83E8600EB0618 /* Info.plist */; };
		B1F5196F1CF83E8600EB0618 /* ViewController.swift in Sources */ = {isa = PBXBuildFile; fileRef = B1F519691CF83E8600EB0618 /* ViewController.swift */; };
		B1F519721CF83EB500EB0618 /* ALAssetToNSInputStream.swift in Sources */ = {isa = PBXBuildFile; fileRef = B1F519711CF83EB500EB0618 /* ALAssetToNSInputStream.swift */; };
/* End PBXBuildFile section */

/* Begin PBXFileReference section */
		B1F519301CF83E0900EB0618 /* ALAssetToNSInputStream.app */ = {isa = PBXFileReference; explicitFileType = wrapper.application; includeInIndex = 0; path = ALAssetToNSInputStream.app; sourceTree = BUILT_PRODUCTS_DIR; };
		B1F519621CF83E8600EB0618 /* AppDelegate.swift */ = {isa = PBXFileReference; fileEncoding = 4; lastKnownFileType = sourcecode.swift; path = AppDelegate.swift; sourceTree = "<group>"; };
		B1F519631CF83E8600EB0618 /* Assets.xcassets */ = {isa = PBXFileReference; lastKnownFileType = folder.assetcatalog; path = Assets.xcassets; sourceTree = "<group>"; };
		B1F519651CF83E8600EB0618 /* Base */ = {isa = PBXFileReference; lastKnownFileType = file.storyboard; name = Base; path = Base.lproj/LaunchScreen.storyboard; sourceTree = "<group>"; };
		B1F519671CF83E8600EB0618 /* Base */ = {isa = PBXFileReference; lastKnownFileType = file.storyboard; name = Base; path = Base.lproj/Main.storyboard; sourceTree = "<group>"; };
		B1F519681CF83E8600EB0618 /* Info.plist */ = {isa = PBXFileReference; fileEncoding = 4; lastKnownFileType = text.plist.xml; path = Info.plist; sourceTree = "<group>"; };
		B1F519691CF83E8600EB0618 /* ViewController.swift */ = {isa = PBXFileReference; fileEncoding = 4; lastKnownFileType = sourcecode.swift; path = ViewController.swift; sourceTree = "<group>"; };
		B1F519711CF83EB500EB0618 /* ALAssetToNSInputStream.swift */ = {isa = PBXFileReference; fileEncoding = 4; lastKnownFileType = sourcecode.swift; path = ALAssetToNSInputStream.swift; sourceTree = "<group>"; };
/* End PBXFileReference section */

/* Begin PBXFrameworksBuildPhase section */
		B1F5192D1CF83E0900EB0618 /* Frameworks */ = {
			isa = PBXFrameworksBuildPhase;
			buildActionMask = 2147483647;
			files = (
			);
			runOnlyForDeploymentPostprocessing = 0;
		};
/* End PBXFrameworksBuildPhase section */

/* Begin PBXGroup section */
		B1F519271CF83E0900EB0618 = {
			isa = PBXGroup;
			children = (
				B1F519321CF83E0900EB0618 /* ALAssetToNSInputStream */,
				B1F519311CF83E0900EB0618 /* Products */,
			);
			sourceTree = "<group>";
		};
		B1F519311CF83E0900EB0618 /* Products */ = {
			isa = PBXGroup;
			children = (
				B1F519301CF83E0900EB0618 /* ALAssetToNSInputStream.app */,
			);
			name = Products;
			sourceTree = "<group>";
		};
		B1F519321CF83E0900EB0618 /* ALAssetToNSInputStream */ = {
			isa = PBXGroup;
			children = (
				B1F519701CF83E8D00EB0618 /* ALAssetToNSInputStream */,
				B1F519611CF83E8600EB0618 /* Demo */,
			);
			path = ALAssetToNSInputStream;
			sourceTree = "<group>";
		};
		B1F519611CF83E8600EB0618 /* Demo */ = {
			isa = PBXGroup;
			children = (
				B1F519621CF83E8600EB0618 /* AppDelegate.swift */,
				B1F519631CF83E8600EB0618 /* Assets.xcassets */,
				B1F519641CF83E8600EB0618 /* LaunchScreen.storyboard */,
				B1F519661CF83E8600EB0618 /* Main.storyboard */,
				B1F519681CF83E8600EB0618 /* Info.plist */,
				B1F519691CF83E8600EB0618 /* ViewController.swift */,
			);
			path = Demo;
			sourceTree = "<group>";
		};
		B1F519701CF83E8D00EB0618 /* ALAssetToNSInputStream */ = {
			isa = PBXGroup;
			children = (
				B1F519711CF83EB500EB0618 /* ALAssetToNSInputStream.swift */,
			);
			path = ALAssetToNSInputStream;
			sourceTree = "<group>";
		};
/* End PBXGroup section */

/* Begin PBXNativeTarget section */
		B1F5192F1CF83E0900EB0618 /* ALAssetToNSInputStream */ = {
			isa = PBXNativeTarget;
			buildConfigurationList = B1F519581CF83E0A00EB0618 /* Build configuration list for PBXNativeTarget "ALAssetToNSInputStream" */;
			buildPhases = (
				B1F5192C1CF83E0900EB0618 /* Sources */,
				B1F5192D1CF83E0900EB0618 /* Frameworks */,
				B1F5192E1CF83E0900EB0618 /* Resources */,
			);
			buildRules = (
			);
			dependencies = (
			);
			name = ALAssetToNSInputStream;
			productName = ALAssetToNSInputStream;
			productReference = B1F519301CF83E0900EB0618 /* ALAssetToNSInputStream.app */;
			productType = "com.apple.product-type.application";
		};
/* End PBXNativeTarget section */

/* Begin PBXProject section */
		B1F519281CF83E0900EB0618 /* Project object */ = {
			isa = PBXProject;
			attributes = {
				LastSwiftUpdateCheck = 0730;
				LastUpgradeCheck = 0730;
				ORGANIZATIONNAME = Luo;
				TargetAttributes = {
					B1F5192F1CF83E0900EB0618 = {
						CreatedOnToolsVersion = 7.3;
					};
				};
			};
			buildConfigurationList = B1F5192B1CF83E0900EB0618 /* Build configuration list for PBXProject "ALAssetToNSInputStream" */;
			compatibilityVersion = "Xcode 3.2";
			developmentRegion = English;
			hasScannedForEncodings = 0;
			knownRegions = (
				en,
				Base,
			);
			mainGroup = B1F519271CF83E0900EB0618;
			productRefGroup = B1F519311CF83E0900EB0618 /* Products */;
			projectDirPath = "";
			projectRoot = "";
			targets = (
				B1F5192F1CF83E0900EB0618 /* ALAssetToNSInputStream */,
			);
		};
/* End PBXProject section */

/* Begin PBXResourcesBuildPhase section */
		B1F5192E1CF83E0900EB0618 /* Resources */ = {
			isa = PBXResourcesBuildPhase;
			buildActionMask = 2147483647;
			files = (
				B1F5196E1CF83E8600EB0618 /* Info.plist in Resources */,
				B1F5196D1CF83E8600EB0618 /* Main.storyboard in Resources */,
				B1F5196B1CF83E8600EB0618 /* Assets.xcassets in Resources */,
				B1F5196C1CF83E8600EB0618 /* LaunchScreen.storyboard in Resources */,
			);
			runOnlyForDeploymentPostprocessing = 0;
		};
/* End PBXResourcesBuildPhase section */

/* Begin PBXSourcesBuildPhase section */
		B1F5192C1CF83E0900EB0618 /* Sources */ = {
			isa = PBXSourcesBuildPhase;
			buildActionMask = 2147483647;
			files = (
				B1F5196F1CF83E8600EB0618 /* ViewController.swift in Sources */,
				B1F5196A1CF83E8600EB0618 /* AppDelegate.swift in Sources */,
				B1F519721CF83EB500EB0618 /* ALAssetToNSInputStream.swift in Sources */,
			);
			runOnlyForDeploymentPostprocessing = 0;
		};
/* End PBXSourcesBuildPhase section */

/* Begin PBXVariantGroup section */
		B1F519641CF83E8600EB0618 /* LaunchScreen.storyboard */ = {
			isa = PBXVariantGroup;
			children = (
				B1F519651CF83E8600EB0618 /* Base */,
			);
			name = LaunchScreen.storyboard;
			sourceTree = "<group>";
		};
		B1F519661CF83E8600EB0618 /* Main.storyboard */ = {
			isa = PBXVariantGroup;
			children = (
				B1F519671CF83E8600EB0618 /* Base */,
			);
			name = Main.storyboard;
			sourceTree = "<group>";
		};
/* End PBXVariantGroup section */

/* Begin XCBuildConfiguration section */
		B1F519561CF83E0A00EB0618 /* Debug */ = {
			isa = XCBuildConfiguration;
			buildSettings = {
				ALWAYS_SEARCH_USER_PATHS = NO;
				CLANG_ANALYZER_NONNULL = YES;
				CLANG_CXX_LANGUAGE_STANDARD = "gnu++0x";
				CLANG_CXX_LIBRARY = "libc++";
				CLANG_ENABLE_MODULES = YES;
				CLANG_ENABLE_OBJC_ARC = YES;
				CLANG_WARN_BOOL_CONVERSION = YES;
				CLANG_WARN_CONSTANT_CONVERSION = YES;
				CLANG_WARN_DIRECT_OBJC_ISA_USAGE = YES_ERROR;
				CLANG_WARN_EMPTY_BODY = YES;
				CLANG_WARN_ENUM_CONVERSION = YES;
				CLANG_WARN_INT_CONVERSION = YES;
				CLANG_WARN_OBJC_ROOT_CLASS = YES_ERROR;
				CLANG_WARN_UNREACHABLE_CODE = YES;
				CLANG_WARN__DUPLICATE_METHOD_MATCH = YES;
				"CODE_SIGN_IDENTITY[sdk=iphoneos*]" = "iPhone Developer";
				COPY_PHASE_STRIP = NO;
				DEBUG_INFORMATION_FORMAT = dwarf;
				ENABLE_STRICT_OBJC_MSGSEND = YES;
				ENABLE_TESTABILITY = YES;
				GCC_C_LANGUAGE_STANDARD = gnu99;
				GCC_DYNAMIC_NO_PIC = NO;
				GCC_NO_COMMON_BLOCKS = YES;
				GCC_OPTIMIZATION_LEVEL = 0;
				GCC_PREPROCESSOR_DEFINITIONS = (
					"DEBUG=1",
					"$(inherited)",
				);
				GCC_WARN_64_TO_32_BIT_CONVERSION = YES;
				GCC_WARN_ABOUT_RETURN_TYPE = YES_ERROR;
				GCC_WARN_UNDECLARED_SELECTOR = YES;
				GCC_WARN_UNINITIALIZED_AUTOS = YES_AGGRESSIVE;
				GCC_WARN_UNUSED_FUNCTION = YES;
				GCC_WARN_UNUSED_VARIABLE = YES;
				IPHONEOS_DEPLOYMENT_TARGET = 9.3;
				MTL_ENABLE_DEBUG_INFO = YES;
				ONLY_ACTIVE_ARCH = YES;
				SDKROOT = iphoneos;
				SWIFT_OPTIMIZATION_LEVEL = "-Onone";
				TARGETED_DEVICE_FAMILY = "1,2";
			};
			name = Debug;
		};
		B1F519571CF83E0A00EB0618 /* Release */ = {
			isa = XCBuildConfiguration;
			buildSettings = {
				ALWAYS_SEARCH_USER_PATHS = NO;
				CLANG_ANALYZER_NONNULL = YES;
				CLANG_CXX_LANGUAGE_STANDARD = "gnu++0x";
				CLANG_CXX_LIBRARY = "libc++";
				CLANG_ENABLE_MODULES = YES;
				CLANG_ENABLE_OBJC_ARC = YES;
				CLANG_WARN_BOOL_CONVERSION = YES;
				CLANG_WARN_CONSTANT_CONVERSION = YES;
				CLANG_WARN_DIRECT_OBJC_ISA_USAGE = YES_ERROR;
				CLANG_WARN_EMPTY_BODY = YES;
				CLANG_WARN_ENUM_CONVERSION = YES;
				CLANG_WARN_INT_CONVERSION = YES;
				CLANG_WARN_OBJC_ROOT_CLASS = YES_ERROR;
				CLANG_WARN_UNREACHABLE_CODE = YES;
				CLANG_WARN__DUPLICATE_METHOD_MATCH = YES;
				"CODE_SIGN_IDENTITY[sdk=iphoneos*]" = "iPhone Developer";
				COPY_PHASE_STRIP = NO;
				DEBUG_INFORMATION_FORMAT = "dwarf-with-dsym";
				ENABLE_NS_ASSERTIONS = NO;
				ENABLE_STRICT_OBJC_MSGSEND = YES;
				GCC_C_LANGUAGE_STANDARD = gnu99;
				GCC_NO_COMMON_BLOCKS = YES;
				GCC_WARN_64_TO_32_BIT_CONVERSION = YES;
				GCC_WARN_ABOUT_RETURN_TYPE = YES_ERROR;
				GCC_WARN_UNDECLARED_SELECTOR = YES;
				GCC_WARN_UNINITIALIZED_AUTOS = YES_AGGRESSIVE;
				GCC_WARN_UNUSED_FUNCTION = YES;
				GCC_WARN_UNUSED_VARIABLE = YES;
				IPHONEOS_DEPLOYMENT_TARGET = 9.3;
				MTL_ENABLE_DEBUG_INFO = NO;
				SDKROOT = iphoneos;
				TARGETED_DEVICE_FAMILY = "1,2";
				VALIDATE_PRODUCT = YES;
			};
			name = Release;
		};
		B1F519591CF83E0A00EB0618 /* Debug */ = {
			isa = XCBuildConfiguration;
			buildSettings = {
				ASSETCATALOG_COMPILER_APPICON_NAME = AppIcon;
				INFOPLIST_FILE = "$(SRCROOT)/ALAssetToNSInputStream/Demo/Info.plist";
				IPHONEOS_DEPLOYMENT_TARGET = 7.0;
				LD_RUNPATH_SEARCH_PATHS = "$(inherited) @executable_path/Frameworks";
				PRODUCT_BUNDLE_IDENTIFIER = com.cmbchina.ALAssetToNSInputStream;
				PRODUCT_NAME = "$(TARGET_NAME)";
			};
			name = Debug;
		};
		B1F5195A1CF83E0A00EB0618 /* Release */ = {
			isa = XCBuildConfiguration;
			buildSettings = {
				ASSETCATALOG_COMPILER_APPICON_NAME = AppIcon;
				INFOPLIST_FILE = "$(SRCROOT)/ALAssetToNSInputStream/Demo/Info.plist";
				IPHONEOS_DEPLOYMENT_TARGET = 7.0;
				LD_RUNPATH_SEARCH_PATHS = "$(inherited) @executable_path/Frameworks";
				PRODUCT_BUNDLE_IDENTIFIER = com.cmbchina.ALAssetToNSInputStream;
				PRODUCT_NAME = "$(TARGET_NAME)";
			};
			name = Release;
		};
/* End XCBuildConfiguration section */

/* Begin XCConfigurationList section */
		B1F5192B1CF83E0900EB0618 /* Build configuration list for PBXProject "ALAssetToNSInputStream" */ = {
			isa = XCConfigurationList;
			buildConfigurations = (
				B1F519561CF83E0A00EB0618 /* Debug */,
				B1F519571CF83E0A00EB0618 /* Release */,
			);
			defaultConfigurationIsVisible = 0;
			defaultConfigurationName = Release;
		};
		B1F519581CF83E0A00EB0618 /* Build configuration list for PBXNativeTarget "ALAssetToNSInputStream" */ = {
			isa = XCConfigurationList;
			buildConfigurations = (
				B1F519591CF83E0A00EB0618 /* Debug */,
				B1F5195A1CF83E0A00EB0618 /* Release */,
			);
			defaultConfigurationIsVisible = 0;
			defaultConfigurationName = Release;
		};
/* End XCConfigurationList section */
	};
	rootObject = B1F519281CF83E0900EB0618 /* Project object */;
}
